# THIS IS AN AUTOGENERATED FILE. DO NOT EDIT THIS FILE DIRECTLY.
# yarn lockfile v1


"@types/crypto-js@^4.1.1":
  version "4.1.1"
  resolved "https://registry.npmmirror.com/@types/crypto-js/-/crypto-js-4.1.1.tgz#602859584cecc91894eb23a4892f38cfa927890d"
  integrity sha512-BG7fQKZ689HIoc5h+6D2Dgq1fABRa0RbBWKBd9SP/MVRVXROflpm5fhwyATX5duFmbStzyzyycPB8qUYKDH3NA==

"@types/diff@^5.0.3":
  version "5.0.3"
  resolved "https://registry.npmmirror.com/@types/diff/-/diff-5.0.3.tgz#1f89e49ff83b5d200d78964fb896c68498ce1828"
  integrity sha512-amrLbRqTU9bXMCc6uX0sWpxsQzRIo9z6MJPkH1pkez/qOxuqSZVuryJAWoBRq94CeG8JxY+VK4Le9HtjQR5T9A==

"@types/node@*", "@types/node@^18.15.11":
  version "18.16.0"
  resolved "https://registry.npmmirror.com/@types/node/-/node-18.16.0.tgz#4668bc392bb6938637b47e98b1f2ed5426f33316"
  integrity sha512-BsAaKhB+7X+H4GnSjGhJG9Qi8Tw+inU9nJDwmD5CgOmBLEI6ArdhikpLX7DjbjDRDTbqZzU2LSQNZg8WGPiSZQ==

"@types/random-useragent@^0.3.1":
  version "0.3.1"
  resolved "https://registry.npmmirror.com/@types/random-useragent/-/random-useragent-0.3.1.tgz#1f0e1e08151f04d2c023ab77c8173dfa5b5049d2"
  integrity sha512-yVz7897JjjwS6V+lmxlu8pktzNnNWgtF9MGxfaRfI8o+hQageO9K+0hfwr8PspdFJIIRE9KkLqp4o5tlQqv/0w==

"@types/ws@^8.5.4":
  version "8.5.4"
  resolved "https://registry.npmmirror.com/@types/ws/-/ws-8.5.4.tgz#bb10e36116d6e570dd943735f86c933c1587b8a5"
  integrity sha512-zdQDHKUgcX/zBc4GrwsE/7dVdAD8JR4EuiAXiiUhhfyIJXXb2+PrGshFyeXWQPMmmZ2XxgaqclgpIC7eTXc1mg==
  dependencies:
    "@types/node" "*"

agent-base@6, agent-base@^6.0.2:
  version "6.0.2"
  resolved "https://registry.npmmirror.com/agent-base/-/agent-base-6.0.2.tgz#49fff58577cfee3f37176feab4c22e00f86d7f77"
  integrity sha512-RZNwNclF7+MS/8bDg70amg32dyeZGZxiDuQmZxKLAlQjr3jGyLx+4Kkk58UO7D2QdgFIQCovuSuZESne6RG6XQ==
  dependencies:
    debug "4"

crypto-js@^4.1.1:
  version "4.1.1"
  resolved "https://registry.npmmirror.com/crypto-js/-/crypto-js-4.1.1.tgz#9e485bcf03521041bd85844786b83fb7619736cf"
  integrity sha512-o2JlM7ydqd3Qk9CA0L4NL6mTzU2sdx96a+oOfPu8Mkl/PK51vSyoi8/rQ8NknZtk44vq15lmhAj9CIAGwgeWKw==

data-uri-to-buffer@^4.0.0:
  version "4.0.1"
  resolved "https://registry.npmmirror.com/data-uri-to-buffer/-/data-uri-to-buffer-4.0.1.tgz#d8feb2b2881e6a4f58c2e08acfd0e2834e26222e"
  integrity sha512-0R9ikRb668HB7QDxT1vkpuUBtqc53YyAwMwGeUFKRojY/NWKvdZ+9UYtRfGmhqNbRkTSVpMbmyhXipFFv2cb/A==

debug@4, debug@^4.3.3:
  version "4.3.4"
  resolved "https://registry.npmmirror.com/debug/-/debug-4.3.4.tgz#1319f6579357f2338d3337d2cdd4914bb5dcc865"
  integrity sha512-PRWFHuSU3eDtQJPvnNY7Jcket1j0t5OuOsFzPPzsekD52Zl8qUfFIPEiswXqIvHWGVHOgX+7G/vCNNhehwxfkQ==
  dependencies:
    ms "2.1.2"

diff@^5.1.0:
  version "5.1.0"
  resolved "https://registry.npmmirror.com/diff/-/diff-5.1.0.tgz#bc52d298c5ea8df9194800224445ed43ffc87e40"
  integrity sha512-D+mk+qE8VC/PAUrlAU34N+VfXev0ghe5ywmpqrawphmVZc1bEfn56uo9qpyGp1p4xpzOHkSW4ztBd6L7Xx4ACw==

dotenv@^16.0.3:
  version "16.0.3"
  resolved "https://registry.npmmirror.com/dotenv/-/dotenv-16.0.3.tgz#115aec42bac5053db3c456db30cc243a5a836a07"
  integrity sha512-7GO6HghkA5fYG9TYnNxi14/7K9f5occMlp3zXAuSxn7CKCxt9xbNWG7yF8hTCSUchlfWSe3uLmlPfigevRItzQ==

fetch-blob@^3.1.2, fetch-blob@^3.1.4:
  version "3.2.0"
  resolved "https://registry.npmmirror.com/fetch-blob/-/fetch-blob-3.2.0.tgz#f09b8d4bbd45adc6f0c20b7e787e793e309dcce9"
  integrity sha512-7yAQpD2UMJzLi1Dqv7qFYnPbaPx7ZfFK6PiIxQ4PfkGPyNyl2Ugx+a/umUonmKqjhM4DnfbMvdX6otXq83soQQ==
  dependencies:
    node-domexception "^1.0.0"
    web-streams-polyfill "^3.0.3"

formdata-polyfill@^4.0.10:
  version "4.0.10"
  resolved "https://registry.npmmirror.com/formdata-polyfill/-/formdata-polyfill-4.0.10.tgz#24807c31c9d402e002ab3d8c720144ceb8848423"
  integrity sha512-buewHzMvYL29jdeQTVILecSaZKnt/RJWjoZCF5OW60Z67/GmSLBkOFM7qh1PI3zFNtJbaZL5eQu1vLfazOwj4g==
  dependencies:
    fetch-blob "^3.1.2"

https-proxy-agent@^5.0.1:
  version "5.0.1"
  resolved "https://registry.npmmirror.com/https-proxy-agent/-/https-proxy-agent-5.0.1.tgz#c59ef224a04fe8b754f3db0063a25ea30d0005d6"
  integrity sha512-dFcAjpTQFgoLMzC2VwU+C/CbS7uRL0lWmxDITmqm7C+7F0Odmj6s9l6alZc6AELXhrnggM2CeWSXHGOdX2YtwA==
  dependencies:
    agent-base "6"
    debug "4"

ip@^2.0.0:
  version "2.0.0"
  resolved "https://registry.npmmirror.com/ip/-/ip-2.0.0.tgz#4cf4ab182fee2314c75ede1276f8c80b479936da"
  integrity sha512-WKa+XuLG1A1R0UWhl2+1XQSi+fZWMsYKffMZTTYsiZaUD8k2yDAj5atimTUD2TZkyCkNEeYE5NhFZmupOGtjYQ==

json-stringify-safe@^5.0.1:
  version "5.0.1"
  resolved "https://registry.npmmirror.com/json-stringify-safe/-/json-stringify-safe-5.0.1.tgz#1296a2d58fd45f19a0f6ce01d65701e2c735b6eb"
  integrity sha512-ZClg6AaYvamvYEE82d3Iyd3vSSIjQ+odgjaTzRuO3s7toCdFKczob2i0zCh7JE8kWn17yvAWhUVxvqGwUalsRA==

ms@2.1.2:
  version "2.1.2"
  resolved "https://registry.npmmirror.com/ms/-/ms-2.1.2.tgz#d09d1f357b443f493382a8eb3ccd183872ae6009"
  integrity sha512-sGkPx+VjMtmA6MX27oA4FBFELFCZZ4S4XqeGOXCv68tT+jb3vk/RyaKWP0PTKyWtmLSM0b+adUTEvbs1PEaH2w==

node-domexception@^1.0.0:
  version "1.0.0"
  resolved "https://registry.npmmirror.com/node-domexception/-/node-domexception-1.0.0.tgz#6888db46a1f71c0b76b3f7555016b63fe64766e5"
  integrity sha512-/jKZoMpw0F8GRwl4/eLROPA3cfcXtLApP0QzLmUT/HuPCZWyB7IY9ZrMeKw2O/nFIqPQB3PVM9aYm0F312AXDQ==

node-fetch@^3.3.1:
  version "3.3.1"
  resolved "https://registry.npmmirror.com/node-fetch/-/node-fetch-3.3.1.tgz#b3eea7b54b3a48020e46f4f88b9c5a7430d20b2e"
  integrity sha512-cRVc/kyto/7E5shrWca1Wsea4y6tL9iYJE5FBCius3JQfb/4P4I295PfhgbJQBLTx6lATE4z+wK0rPM4VS2uow==
  dependencies:
    data-uri-to-buffer "^4.0.0"
    fetch-blob "^3.1.4"
    formdata-polyfill "^4.0.10"

random-seed@^0.3.0:
  version "0.3.0"
  resolved "https://registry.npmmirror.com/random-seed/-/random-seed-0.3.0.tgz#d945f2e1f38f49e8d58913431b8bf6bb937556cd"
  integrity sha512-y13xtn3kcTlLub3HKWXxJNeC2qK4mB59evwZ5EkeRlolx+Bp2ztF7LbcZmyCnOqlHQrLnfuNbi1sVmm9lPDlDA==
  dependencies:
    json-stringify-safe "^5.0.1"

random-useragent@^0.5.0:
  version "0.5.0"
  resolved "https://registry.npmmirror.com/random-useragent/-/random-useragent-0.5.0.tgz#83a92dfdfb2366972d0a1f81fc93d5ef85807ae8"
  integrity sha512-FUMkqVdZeoSff5tErNL3FFGYXElDWZ1bEuedhm5u9MdCFwANriJWbHvDRYrLTOzp/fBsBGu5J1cWtDgifa97aQ==
  dependencies:
    random-seed "^0.3.0"

smart-buffer@^4.2.0:
  version "4.2.0"
  resolved "https://registry.npmmirror.com/smart-buffer/-/smart-buffer-4.2.0.tgz#6e1d71fa4f18c05f7d0ff216dd16a481d0e8d9ae"
  integrity sha512-94hK0Hh8rPqQl2xXc3HsaBoOXKV20MToPkcXvwbISWLEs+64sBq5kFgn2kJDHb1Pry9yrP0dxrCI9RRci7RXKg==

socks-proxy-agent@^7.0.0:
  version "7.0.0"
  resolved "https://registry.npmmirror.com/socks-proxy-agent/-/socks-proxy-agent-7.0.0.tgz#dc069ecf34436621acb41e3efa66ca1b5fed15b6"
  integrity sha512-Fgl0YPZ902wEsAyiQ+idGd1A7rSFx/ayC1CQVMw5P+EQx2V0SgpGtf6OKFhVjPflPUl9YMmEOnmfjCdMUsygww==
  dependencies:
    agent-base "^6.0.2"
    debug "^4.3.3"
    socks "^2.6.2"

socks@^2.6.2:
  version "2.7.1"
  resolved "https://registry.npmmirror.com/socks/-/socks-2.7.1.tgz#d8e651247178fde79c0663043e07240196857d55"
  integrity sha512-7maUZy1N7uo6+WVEX6psASxtNlKaNVMlGQKkG/63nEDdLOWNbiUMoLK7X4uYoLhQstau72mLgfEWcXcwsaHbYQ==
  dependencies:
    ip "^2.0.0"
    smart-buffer "^4.2.0"

typescript@^5.0.4:
  version "5.0.4"
  resolved "https://registry.npmmirror.com/typescript/-/typescript-5.0.4.tgz#b217fd20119bd61a94d4011274e0ab369058da3b"
  integrity sha512-cW9T5W9xY37cc+jfEnaUvX91foxtHkza3Nw3wkoF4sSlKn0MONdkdEndig/qPBWXNkmplh3NzayQzCiHM4/hqw==

web-streams-polyfill@^3.0.3:
  version "3.2.1"
  resolved "https://registry.npmmirror.com/web-streams-polyfill/-/web-streams-polyfill-3.2.1.tgz#71c2718c52b45fd49dbeee88634b3a60ceab42a6"
  integrity sha512-e0MO3wdXWKrLbL0DgGnUV7WHVuw9OUvL4hjgnPkIeEvESk74gAITi5G606JtZPp39cd8HA9VQzCIvA49LpPN5Q==

ws@^8.12.1:
  version "8.13.0"
  resolved "https://registry.npmmirror.com/ws/-/ws-8.13.0.tgz#9a9fb92f93cf41512a0735c8f4dd09b8a1211cd0"
  integrity sha512-x9vcZYTrFPC7aSIbj7sRCYo7L/Xb8Iy+pW0ng0wt2vCJv7M9HOMy0UoN3rr+IFC7hb7vXoqS+P9ktyLLLhO+LA==
